lockfileVersion: '6.0'

dependencies:
  '@napi-rs/canvas':
    specifier: ^0.1.33
    version: 0.1.33
  node-fetch:
    specifier: ^2.6.7
    version: 2.6.7

packages:

  /@napi-rs/canvas-android-arm64@0.1.33:
    resolution: {integrity: sha512-UgL4h9ZVk5LSr7NvLbrHx9Vfj5C+CbY3Pjo/qoKmKdyz2XZj1OzSzQpBAbz9c6DzPox2WY0jQyd+UrntV/8TYg==}
    engines: {node: '>= 10'}
    cpu: [arm64]
    os: [android]
    requiresBuild: true
    dev: false
    optional: true

  /@napi-rs/canvas-darwin-arm64@0.1.33:
    resolution: {integrity: sha512-+nvsYRLY2GzT06dt+LwKE5SiiGs6OQUq0rfwZsY2HgDotfmH0z5lB5GtsNo+RKLGCFQQyxFU2S+Y8vNe1lnqXA==}
    engines: {node: '>= 10'}
    cpu: [arm64]
    os: [darwin]
    requiresBuild: true
    dev: false
    optional: true

  /@napi-rs/canvas-darwin-x64@0.1.33:
    resolution: {integrity: sha512-b7UPpkFRL3q78LtJDWTHh1DQLIsc2V2C1bovHadqwFF38Q2reef6EaV8En/NBd7OpRuQ130QehOvNgEv325Mtw==}
    engines: {node: '>= 10'}
    cpu: [x64]
    os: [darwin]
    requiresBuild: true
    dev: false
    optional: true

  /@napi-rs/canvas-linux-arm-gnueabihf@0.1.33:
    resolution: {integrity: sha512-6nR8utxL0gJJG1LiMyo1w6LCflZ+57xs0Gq+NfWpBdyHuamBWVGQl1Ytp+0tVT09LyEq1jDo6HcWEeFP/Cnhzg==}
    engines: {node: '>= 10'}
    cpu: [arm]
    os: [linux]
    requiresBuild: true
    dev: false
    optional: true

  /@napi-rs/canvas-linux-arm64-gnu@0.1.33:
    resolution: {integrity: sha512-N4I+YNNgwXc7ZWFNEuI0pNw4DVR/D3kH/FJBTt+TTqiJvu6ZZ563+2l6A0Uo5Xr8eFLPQBOywL1Nzky6Vd461Q==}
    engines: {node: '>= 10'}
    cpu: [arm64]
    os: [linux]
    requiresBuild: true
    dev: false
    optional: true

  /@napi-rs/canvas-linux-arm64-musl@0.1.33:
    resolution: {integrity: sha512-OpWBHpbBHo2SlACG/JLXIu8eXKutn2Zf4SgWq5dhsbhOx6oBK1AMewb8UjhYbDZiIDlfmY6GodMDfkM6czrgog==}
    engines: {node: '>= 10'}
    cpu: [arm64]
    os: [linux]
    requiresBuild: true
    dev: false
    optional: true

  /@napi-rs/canvas-linux-x64-gnu@0.1.33:
    resolution: {integrity: sha512-PsVyW+zjRTOBbYg9cUst2j+NtnbqEaWKxdpNi7167sFfW1jJAn5ZIOTWpK3MJetfid3GIvrK7MvRg/iXiNkSGA==}
    engines: {node: '>= 10'}
    cpu: [x64]
    os: [linux]
    requiresBuild: true
    dev: false
    optional: true

  /@napi-rs/canvas-linux-x64-musl@0.1.33:
    resolution: {integrity: sha512-p48KxjdXmP8oCXCpZIqZ5nOYllzW2mu/fdy73I+2abpTD7eoMdbSOzrwYyIZLMCrQuFthwUxHwUhGJ855tx/Rg==}
    engines: {node: '>= 10'}
    cpu: [x64]
    os: [linux]
    requiresBuild: true
    dev: false
    optional: true

  /@napi-rs/canvas-win32-x64-msvc@0.1.33:
    resolution: {integrity: sha512-6PrK2IQuGK/rDuF8zBHNG2COWq31THpFx2SsxO2NlVJuMdAArsVX3BHITKOhzNIigMBM80RtR4qvDRYcCrQtbg==}
    engines: {node: '>= 10'}
    cpu: [x64]
    os: [win32]
    requiresBuild: true
    dev: false
    optional: true

  /@napi-rs/canvas@0.1.33:
    resolution: {integrity: sha512-uCd9UzRGAzyjs0sN+jIpkWOiRLqZhOwav5BQy2vBj45H2+gKltoWALMmaHxygjmbNWUqYsFq0F1BLwQhoeG/Xg==}
    engines: {node: '>= 10'}
    optionalDependencies:
      '@napi-rs/canvas-android-arm64': 0.1.33
      '@napi-rs/canvas-darwin-arm64': 0.1.33
      '@napi-rs/canvas-darwin-x64': 0.1.33
      '@napi-rs/canvas-linux-arm-gnueabihf': 0.1.33
      '@napi-rs/canvas-linux-arm64-gnu': 0.1.33
      '@napi-rs/canvas-linux-arm64-musl': 0.1.33
      '@napi-rs/canvas-linux-x64-gnu': 0.1.33
      '@napi-rs/canvas-linux-x64-musl': 0.1.33
      '@napi-rs/canvas-win32-x64-msvc': 0.1.33
    dev: false

  /node-fetch@2.6.7:
    resolution: {integrity: sha512-ZjMPFEfVx5j+y2yF35Kzx5sF7kDzxuDj6ziH4FFbOp87zKDZNx8yExJIb05OGF4Nlt9IHFIMBkRl41VdvcNdbQ==}
    engines: {node: 4.x || >=6.0.0}
    peerDependencies:
      encoding: ^0.1.0
    peerDependenciesMeta:
      encoding:
        optional: true
    dependencies:
      whatwg-url: 5.0.0
    dev: false

  /tr46@0.0.3:
    resolution: {integrity: sha512-N3WMsuqV66lT30CrXNbEjx4GEwlow3v6rr4mCcv6prnfwhS01rkgyFdjPNBYd9br7LpXV1+Emh01fHnq2Gdgrw==}
    dev: false

  /webidl-conversions@3.0.1:
    resolution: {integrity: sha512-2JAn3z8AR6rjK8Sm8orRC0h/bcl/DqL7tRPdGZ4I1CjdF+EaMLmYxBHyXuKL849eucPFhvBoxMsflfOb8kxaeQ==}
    dev: false

  /whatwg-url@5.0.0:
    resolution: {integrity: sha512-saE57nupxk6v3HY35+jzBwYa0rKSy0XR8JSxZPwgLr7ys0IBzhGviA1/TUGJLmSVqs8pb9AnvICXEuOHLprYTw==}
    dependencies:
      tr46: 0.0.3
      webidl-conversions: 3.0.1
    dev: false
